{
 "academy.html": 21,
 "basketball-in-copenhagen.html": 29,
 "blog.html": 1,
 "camps.html": 15,
 "camps/academy-u12-camp-2026.html": 12,
 "camps/academy-u15-camp-2026.html": 9,
 "camps/canada-camp-2026.html": 6,
 "camps/college-pathway-camp-2026.html": 10,
 "camps/dk-mini-summer-camp-2026.html": 14,
 "camps/dk-summer-camp-2026.html": 18,
 "camps/nida-camp-2026.html": 21,
 "camps/spring-camp-u13-u15-2026.html": 6,
 "camps/spring-camp-u9-u11-2026.html": 12,
 "games.html": 4,
 "help/age-groups.html": 36,
 "help/first-session.html": 2,
 "index.html": 8,
 "ish-high-school.html": 12,
 "ish-primary-school.html": 13,
 "join.html": 58,
 "llms.txt": 72,
 "men.html": 8,
 "mini.html": 16,
 "posters/spring-camp-u13-u15-poster.html": 5,
 "posters/spring-camp-u9-u11-poster.html": 5,
 "reviews/index.html": 4,
 "saturday.html": 14,
 "sparks.html": 23
}
